
Microsoft Visual Studio Solution File, Format Version 12.00
# Visual Studio Version 16
VisualStudioVersion = 16.0.31105.61
MinimumVisualStudioVersion = 10.0.40219.1
Project("{9A19103F-16F7-4668-BE54-9A1E7A4F7556}") = "Vendr.DemoStore", "src\Vendr.DemoStore\Vendr.DemoStore.csproj", "{C8678698-4662-40E5-A878-885518076F81}"
EndProject
Project("{9A19103F-16F7-4668-BE54-9A1E7A4F7556}") = "Vendr.DemoStore.Web", "src\Vendr.DemoStore.Web\Vendr.DemoStore.Web.csproj", "{7CD62164-BE9D-40C8-800B-2C746F6968C1}"
EndProject
Global
	GlobalSection(SolutionConfigurationPlatforms) = preSolution
		Debug|Any CPU = Debug|Any CPU
		Release|Any CPU = Release|Any CPU
	EndGlobalSection
	GlobalSection(ProjectConfigurationPlatforms) = postSolution
		{C8678698-4662-40E5-A878-885518076F81}.Debug|Any CPU.ActiveCfg = Debug|Any CPU
		{C8678698-4662-40E5-A878-885518076F81}.Debug|Any CPU.Build.0 = Debug|Any CPU
		{C8678698-4662-40E5-A878-885518076F81}.Release|Any CPU.ActiveCfg = Release|Any CPU
		{C8678698-4662-40E5-A878-885518076F81}.Release|Any CPU.Build.0 = Release|Any CPU
		{7CD62164-BE9D-40C8-800B-2C746F6968C1}.Debug|Any CPU.ActiveCfg = Debug|Any CPU
		{7CD62164-BE9D-40C8-800B-2C746F6968C1}.Debug|Any CPU.Build.0 = Debug|Any CPU
		{7CD62164-BE9D-40C8-800B-2C746F6968C1}.Release|Any CPU.ActiveCfg = Release|Any CPU
		{7CD62164-BE9D-40C8-800B-2C746F6968C1}.Release|Any CPU.Build.0 = Release|Any CPU
	EndGlobalSection
	GlobalSection(SolutionProperties) = preSolution
		HideSolutionNode = FALSE
	EndGlobalSection
	GlobalSection(ExtensibilityGlobals) = postSolution
		SolutionGuid = {6A5ED081-5115-4CF9-9B2A-B97E52A70747}
	EndGlobalSection
EndGlobal
